
Microsoft Visual Studio Solution File, Format Version 12.00
# Visual Studio Version 17
VisualStudioVersion = 17.9.34723.18
MinimumVisualStudioVersion = 10.0.40219.1
Project("{FAE04EC0-301F-11D3-BF4B-00C04F79EFBC}") = "WinApp_EjerI9", "WinApp_EjerI9\WinApp_EjerI9.csproj", "{BD26C5D5-DB44-4127-9BA2-E0B8C7B52B82}"
EndProject
Global
	GlobalSection(SolutionConfigurationPlatforms) = preSolution
		Debug|Any CPU = Debug|Any CPU
		Release|Any CPU = Release|Any CPU
	EndGlobalSection
	GlobalSection(ProjectConfigurationPlatforms) = postSolution
		{BD26C5D5-DB44-4127-9BA2-E0B8C7B52B82}.Debug|Any CPU.ActiveCfg = Debug|Any CPU
		{BD26C5D5-DB44-4127-9BA2-E0B8C7B52B82}.Debug|Any CPU.Build.0 = Debug|Any CPU
		{BD26C5D5-DB44-4127-9BA2-E0B8C7B52B82}.Release|Any CPU.ActiveCfg = Release|Any CPU
		{BD26C5D5-DB44-4127-9BA2-E0B8C7B52B82}.Release|Any CPU.Build.0 = Release|Any CPU
	EndGlobalSection
	GlobalSection(SolutionProperties) = preSolution
		HideSolutionNode = FALSE
	EndGlobalSection
	GlobalSection(ExtensibilityGlobals) = postSolution
		SolutionGuid = {06C2C223-A5D3-4076-A36F-740970A24397}
	EndGlobalSection
EndGlobal
