
Microsoft Visual Studio Solution File, Format Version 12.00
# Visual Studio Version 17
VisualStudioVersion = 17.9.34723.18
MinimumVisualStudioVersion = 10.0.40219.1
Project("{FAE04EC0-301F-11D3-BF4B-00C04F79EFBC}") = "WinAppPanelesBunifu", "WinAppPanelesBunifu\WinAppPanelesBunifu.csproj", "{68C3AFB6-E49C-4623-9F3C-5A3EF6EA6A6B}"
EndProject
Project("{FAE04EC0-301F-11D3-BF4B-00C04F79EFBC}") = "WinAppDiscriminante", "..\WinAppDiscriminante\WinAppDiscriminante\WinAppDiscriminante.csproj", "{DA24CEC2-F4CD-4FAC-8A44-710A0DB78E3C}"
EndProject
Global
	GlobalSection(SolutionConfigurationPlatforms) = preSolution
		Debug|Any CPU = Debug|Any CPU
		Release|Any CPU = Release|Any CPU
	EndGlobalSection
	GlobalSection(ProjectConfigurationPlatforms) = postSolution
		{68C3AFB6-E49C-4623-9F3C-5A3EF6EA6A6B}.Debug|Any CPU.ActiveCfg = Debug|Any CPU
		{68C3AFB6-E49C-4623-9F3C-5A3EF6EA6A6B}.Debug|Any CPU.Build.0 = Debug|Any CPU
		{68C3AFB6-E49C-4623-9F3C-5A3EF6EA6A6B}.Release|Any CPU.ActiveCfg = Release|Any CPU
		{68C3AFB6-E49C-4623-9F3C-5A3EF6EA6A6B}.Release|Any CPU.Build.0 = Release|Any CPU
		{DA24CEC2-F4CD-4FAC-8A44-710A0DB78E3C}.Debug|Any CPU.ActiveCfg = Debug|Any CPU
		{DA24CEC2-F4CD-4FAC-8A44-710A0DB78E3C}.Debug|Any CPU.Build.0 = Debug|Any CPU
		{DA24CEC2-F4CD-4FAC-8A44-710A0DB78E3C}.Release|Any CPU.ActiveCfg = Release|Any CPU
		{DA24CEC2-F4CD-4FAC-8A44-710A0DB78E3C}.Release|Any CPU.Build.0 = Release|Any CPU
	EndGlobalSection
	GlobalSection(SolutionProperties) = preSolution
		HideSolutionNode = FALSE
	EndGlobalSection
	GlobalSection(ExtensibilityGlobals) = postSolution
		SolutionGuid = {FAC80EB1-E271-4251-8683-1D05B92733F3}
	EndGlobalSection
EndGlobal
