
Microsoft Visual Studio Solution File, Format Version 12.00
# Visual Studio Version 17
VisualStudioVersion = 17.9.34723.18
MinimumVisualStudioVersion = 10.0.40219.1
Project("{FAE04EC0-301F-11D3-BF4B-00C04F79EFBC}") = "Matriz_Valores_Numericos_Dimension", "Matriz_Valores_Numericos_Dimension\Matriz_Valores_Numericos_Dimension.csproj", "{4086DE14-1530-49EE-8330-79C8A48C0419}"
EndProject
Global
	GlobalSection(SolutionConfigurationPlatforms) = preSolution
		Debug|Any CPU = Debug|Any CPU
		Release|Any CPU = Release|Any CPU
	EndGlobalSection
	GlobalSection(ProjectConfigurationPlatforms) = postSolution
		{4086DE14-1530-49EE-8330-79C8A48C0419}.Debug|Any CPU.ActiveCfg = Debug|Any CPU
		{4086DE14-1530-49EE-8330-79C8A48C0419}.Debug|Any CPU.Build.0 = Debug|Any CPU
		{4086DE14-1530-49EE-8330-79C8A48C0419}.Release|Any CPU.ActiveCfg = Release|Any CPU
		{4086DE14-1530-49EE-8330-79C8A48C0419}.Release|Any CPU.Build.0 = Release|Any CPU
	EndGlobalSection
	GlobalSection(SolutionProperties) = preSolution
		HideSolutionNode = FALSE
	EndGlobalSection
	GlobalSection(ExtensibilityGlobals) = postSolution
		SolutionGuid = {79FA881D-7CCD-4E77-A567-1273D0B377AC}
	EndGlobalSection
EndGlobal
