
Microsoft Visual Studio Solution File, Format Version 12.00
# Visual Studio Version 17
VisualStudioVersion = 17.9.34723.18
MinimumVisualStudioVersion = 10.0.40219.1
Project("{FAE04EC0-301F-11D3-BF4B-00C04F79EFBC}") = "WinApp_Ejer6", "WinApp_Ejer6\WinApp_Ejer6.csproj", "{61D5DEF3-F99F-48CA-86D9-5BC326825939}"
EndProject
Global
	GlobalSection(SolutionConfigurationPlatforms) = preSolution
		Debug|Any CPU = Debug|Any CPU
		Release|Any CPU = Release|Any CPU
	EndGlobalSection
	GlobalSection(ProjectConfigurationPlatforms) = postSolution
		{61D5DEF3-F99F-48CA-86D9-5BC326825939}.Debug|Any CPU.ActiveCfg = Debug|Any CPU
		{61D5DEF3-F99F-48CA-86D9-5BC326825939}.Debug|Any CPU.Build.0 = Debug|Any CPU
		{61D5DEF3-F99F-48CA-86D9-5BC326825939}.Release|Any CPU.ActiveCfg = Release|Any CPU
		{61D5DEF3-F99F-48CA-86D9-5BC326825939}.Release|Any CPU.Build.0 = Release|Any CPU
	EndGlobalSection
	GlobalSection(SolutionProperties) = preSolution
		HideSolutionNode = FALSE
	EndGlobalSection
	GlobalSection(ExtensibilityGlobals) = postSolution
		SolutionGuid = {946B6221-6499-4CD6-AF51-A23D01495D3D}
	EndGlobalSection
EndGlobal
