
Microsoft Visual Studio Solution File, Format Version 12.00
# Visual Studio Version 17
VisualStudioVersion = 17.8.34322.80
MinimumVisualStudioVersion = 10.0.40219.1
Project("{FAE04EC0-301F-11D3-BF4B-00C04F79EFBC}") = "Compra Interactiva con precios", "Compra Interactiva con precios.csproj", "{667481EF-F37E-4BEB-9D37-5BC4FCC1263E}"
EndProject
Global
	GlobalSection(SolutionConfigurationPlatforms) = preSolution
		Debug|Any CPU = Debug|Any CPU
		Release|Any CPU = Release|Any CPU
	EndGlobalSection
	GlobalSection(ProjectConfigurationPlatforms) = postSolution
		{667481EF-F37E-4BEB-9D37-5BC4FCC1263E}.Debug|Any CPU.ActiveCfg = Debug|Any CPU
		{667481EF-F37E-4BEB-9D37-5BC4FCC1263E}.Debug|Any CPU.Build.0 = Debug|Any CPU
		{667481EF-F37E-4BEB-9D37-5BC4FCC1263E}.Release|Any CPU.ActiveCfg = Release|Any CPU
		{667481EF-F37E-4BEB-9D37-5BC4FCC1263E}.Release|Any CPU.Build.0 = Release|Any CPU
	EndGlobalSection
	GlobalSection(SolutionProperties) = preSolution
		HideSolutionNode = FALSE
	EndGlobalSection
	GlobalSection(ExtensibilityGlobals) = postSolution
		SolutionGuid = {FAA9F261-255D-41EA-83A2-A1D46DE59839}
	EndGlobalSection
EndGlobal
