
Microsoft Visual Studio Solution File, Format Version 12.00
# Visual Studio Version 17
VisualStudioVersion = 17.9.34723.18
MinimumVisualStudioVersion = 10.0.40219.1
Project("{FAE04EC0-301F-11D3-BF4B-00C04F79EFBC}") = "WinApp_Ejer2", "WinApp_Ejer2\WinApp_Ejer2.csproj", "{C263B657-7246-43B7-9725-D977371DA468}"
EndProject
Global
	GlobalSection(SolutionConfigurationPlatforms) = preSolution
		Debug|Any CPU = Debug|Any CPU
		Release|Any CPU = Release|Any CPU
	EndGlobalSection
	GlobalSection(ProjectConfigurationPlatforms) = postSolution
		{C263B657-7246-43B7-9725-D977371DA468}.Debug|Any CPU.ActiveCfg = Debug|Any CPU
		{C263B657-7246-43B7-9725-D977371DA468}.Debug|Any CPU.Build.0 = Debug|Any CPU
		{C263B657-7246-43B7-9725-D977371DA468}.Release|Any CPU.ActiveCfg = Release|Any CPU
		{C263B657-7246-43B7-9725-D977371DA468}.Release|Any CPU.Build.0 = Release|Any CPU
	EndGlobalSection
	GlobalSection(SolutionProperties) = preSolution
		HideSolutionNode = FALSE
	EndGlobalSection
	GlobalSection(ExtensibilityGlobals) = postSolution
		SolutionGuid = {87CD2DB3-21B7-4AB8-8287-6FF761B9C764}
	EndGlobalSection
EndGlobal
