
Microsoft Visual Studio Solution File, Format Version 12.00
# Visual Studio Version 17
VisualStudioVersion = 17.9.34723.18
MinimumVisualStudioVersion = 10.0.40219.1
Project("{FAE04EC0-301F-11D3-BF4B-00C04F79EFBC}") = "WinApp_EjerI7", "WinApp_EjerI7\WinApp_EjerI7.csproj", "{679352A7-E92C-4797-A33B-FA2926D6DA73}"
EndProject
Global
	GlobalSection(SolutionConfigurationPlatforms) = preSolution
		Debug|Any CPU = Debug|Any CPU
		Release|Any CPU = Release|Any CPU
	EndGlobalSection
	GlobalSection(ProjectConfigurationPlatforms) = postSolution
		{679352A7-E92C-4797-A33B-FA2926D6DA73}.Debug|Any CPU.ActiveCfg = Debug|Any CPU
		{679352A7-E92C-4797-A33B-FA2926D6DA73}.Debug|Any CPU.Build.0 = Debug|Any CPU
		{679352A7-E92C-4797-A33B-FA2926D6DA73}.Release|Any CPU.ActiveCfg = Release|Any CPU
		{679352A7-E92C-4797-A33B-FA2926D6DA73}.Release|Any CPU.Build.0 = Release|Any CPU
	EndGlobalSection
	GlobalSection(SolutionProperties) = preSolution
		HideSolutionNode = FALSE
	EndGlobalSection
	GlobalSection(ExtensibilityGlobals) = postSolution
		SolutionGuid = {0844AC47-7845-4481-B581-29440683A358}
	EndGlobalSection
EndGlobal
